
Microsoft Visual Studio Solution File, Format Version 12.00
# Visual Studio 15
VisualStudioVersion = 15.0.27130.2027
MinimumVisualStudioVersion = 10.0.40219.1
Project("{FAE04EC0-301F-11D3-BF4B-00C04F79EFBC}") = "Upload2Axure", "Upload2Axure\Upload2Axure.csproj", "{BFF230FC-79E0-40DC-9B3E-A1FDA315B7ED}"
EndProject
Global
	GlobalSection(SolutionConfigurationPlatforms) = preSolution
		Debug|Any CPU = Debug|Any CPU
		Release|Any CPU = Release|Any CPU
	EndGlobalSection
	GlobalSection(ProjectConfigurationPlatforms) = postSolution
		{BFF230FC-79E0-40DC-9B3E-A1FDA315B7ED}.Debug|Any CPU.ActiveCfg = Debug|Any CPU
		{BFF230FC-79E0-40DC-9B3E-A1FDA315B7ED}.Debug|Any CPU.Build.0 = Debug|Any CPU
		{BFF230FC-79E0-40DC-9B3E-A1FDA315B7ED}.Release|Any CPU.ActiveCfg = Release|Any CPU
		{BFF230FC-79E0-40DC-9B3E-A1FDA315B7ED}.Release|Any CPU.Build.0 = Release|Any CPU
	EndGlobalSection
	GlobalSection(SolutionProperties) = preSolution
		HideSolutionNode = FALSE
	EndGlobalSection
	GlobalSection(ExtensibilityGlobals) = postSolution
		SolutionGuid = {0F7EDC51-9586-46A5-A00D-80554C5F9691}
	EndGlobalSection
EndGlobal
